
Microsoft Visual Studio Solution File, Format Version 12.00
# Visual Studio 15
VisualStudioVersion = 15.0.27130.2027
MinimumVisualStudioVersion = 10.0.40219.1
Project("{FAE04EC0-301F-11D3-BF4B-00C04F79EFBC}") = "Md2Ml", "Md2Ml\Md2Ml.csproj", "{D1FB96A1-8A03-4106-BDFD-3FD701E6CF3D}"
EndProject
Global
	GlobalSection(SolutionConfigurationPlatforms) = preSolution
		Debug|Any CPU = Debug|Any CPU
		Release|Any CPU = Release|Any CPU
	EndGlobalSection
	GlobalSection(ProjectConfigurationPlatforms) = postSolution
		{D1FB96A1-8A03-4106-BDFD-3FD701E6CF3D}.Debug|Any CPU.ActiveCfg = Debug|Any CPU
		{D1FB96A1-8A03-4106-BDFD-3FD701E6CF3D}.Debug|Any CPU.Build.0 = Debug|Any CPU
		{D1FB96A1-8A03-4106-BDFD-3FD701E6CF3D}.Release|Any CPU.ActiveCfg = Release|Any CPU
		{D1FB96A1-8A03-4106-BDFD-3FD701E6CF3D}.Release|Any CPU.Build.0 = Release|Any CPU
	EndGlobalSection
	GlobalSection(SolutionProperties) = preSolution
		HideSolutionNode = FALSE
	EndGlobalSection
	GlobalSection(ExtensibilityGlobals) = postSolution
		SolutionGuid = {2BE2860F-138A-4D5C-90F2-0E3BB269AD8B}
	EndGlobalSection
EndGlobal
